{
  "name": "client",
  "version": "1.0.0",
  "lockfileVersion": 2,
  "requires": true,
  "packages": {
    "": {
      "name": "client",
      "version": "1.0.0",
      "license": "ISC",
      "devDependencies": {
        "@altv/types-client": "^15.0.12",
        "@altv/types-natives": "^15.0.8",
        "@altv/types-shared": "^15.0.9",
        "@altv/types-webview": "^15.0.8",
        "typescript": "^4.7.4"
      }
    },
    "node_modules/@altv/types-client": {
      "version": "15.0.12",
      "resolved": "https://registry.npmjs.org/@altv/types-client/-/types-client-15.0.12.tgz",
      "integrity": "sha512-mnb9Wa6cm9SzIKQBPySi7kOoo/OD7Qbn76GgJaEozpvdbLWXnlmNnZmdRhMeyP3TN4fhWv9CZJYp+Pq+RQnn3A==",
      "dev": true,
      "peerDependencies": {
        "@altv/types-shared": "^15.0.0",
        "@altv/types-worker": "^15.0.0"
      }
    },
    "node_modules/@altv/types-natives": {
      "version": "15.0.8",
      "resolved": "https://registry.npmjs.org/@altv/types-natives/-/types-natives-15.0.8.tgz",
      "integrity": "sha512-blJsp7j0TsmblRYK2GAQ+ftm2RUrjfdsEfGkjb/ny0cjYxFYzO1P9uobKoXpeUMJb7OFpiKrMlWk3yHbKvqi7Q==",
      "dev": true,
      "peerDependencies": {
        "@altv/types-client": "^15.0.0"
      }
    },
    "node_modules/@altv/types-shared": {
      "version": "15.0.9",
      "resolved": "https://registry.npmjs.org/@altv/types-shared/-/types-shared-15.0.9.tgz",
      "integrity": "sha512-D2KCkJvLD+tE5/3UkKW2yJY7qjzJ3hCzfw9NWOY2VWRaFb1g8rX6hUVbdY+C/hCuaBsDc4wvuAsg76ZNP0HGhQ==",
      "dev": true
    },
    "node_modules/@altv/types-webview": {
      "version": "15.0.8",
      "resolved": "https://registry.npmjs.org/@altv/types-webview/-/types-webview-15.0.8.tgz",
      "integrity": "sha512-doJWJNZKJZvwdte3l1KvPLcXkmL8QKixgbwjDabldEWZyhixk2rrPcfwaXvOUK3OYU2e6I831azZeGslZKoMUw==",
      "dev": true
    },
    "node_modules/@altv/types-worker": {
      "version": "15.0.8",
      "resolved": "https://registry.npmjs.org/@altv/types-worker/-/types-worker-15.0.8.tgz",
      "integrity": "sha512-9QT6tWRnheJwarRfFCfZK4BRe4n6vwH3pHDknugnr05DdSUG2oeoxGeUx6T/it2dBwyqSSYca1chlc7h/eMw4g==",
      "dev": true,
      "peer": true,
      "peerDependencies": {
        "@altv/types-client": "^15.0.0"
      }
    },
    "node_modules/typescript": {
      "version": "4.9.5",
      "resolved": "https://registry.npmjs.org/typescript/-/typescript-4.9.5.tgz",
      "integrity": "sha512-1FXk9E2Hm+QzZQ7z+McJiHL4NW1F2EzMu9Nq9i3zAaGqibafqYwCVU6WyWAuyQRRzOlxou8xZSyXLEN8oKj24g==",
      "dev": true,
      "bin": {
        "tsc": "bin/tsc",
        "tsserver": "bin/tsserver"
      },
      "engines": {
        "node": ">=4.2.0"
      }
    }
  },
  "dependencies": {
    "@altv/types-client": {
      "version": "15.0.12",
      "resolved": "https://registry.npmjs.org/@altv/types-client/-/types-client-15.0.12.tgz",
      "integrity": "sha512-mnb9Wa6cm9SzIKQBPySi7kOoo/OD7Qbn76GgJaEozpvdbLWXnlmNnZmdRhMeyP3TN4fhWv9CZJYp+Pq+RQnn3A==",
      "dev": true,
      "requires": {}
    },
    "@altv/types-natives": {
      "version": "15.0.8",
      "resolved": "https://registry.npmjs.org/@altv/types-natives/-/types-natives-15.0.8.tgz",
      "integrity": "sha512-blJsp7j0TsmblRYK2GAQ+ftm2RUrjfdsEfGkjb/ny0cjYxFYzO1P9uobKoXpeUMJb7OFpiKrMlWk3yHbKvqi7Q==",
      "dev": true,
      "requires": {}
    },
    "@altv/types-shared": {
      "version": "15.0.9",
      "resolved": "https://registry.npmjs.org/@altv/types-shared/-/types-shared-15.0.9.tgz",
      "integrity": "sha512-D2KCkJvLD+tE5/3UkKW2yJY7qjzJ3hCzfw9NWOY2VWRaFb1g8rX6hUVbdY+C/hCuaBsDc4wvuAsg76ZNP0HGhQ==",
      "dev": true
    },
    "@altv/types-webview": {
      "version": "15.0.8",
      "resolved": "https://registry.npmjs.org/@altv/types-webview/-/types-webview-15.0.8.tgz",
      "integrity": "sha512-doJWJNZKJZvwdte3l1KvPLcXkmL8QKixgbwjDabldEWZyhixk2rrPcfwaXvOUK3OYU2e6I831azZeGslZKoMUw==",
      "dev": true
    },
    "@altv/types-worker": {
      "version": "15.0.8",
      "resolved": "https://registry.npmjs.org/@altv/types-worker/-/types-worker-15.0.8.tgz",
      "integrity": "sha512-9QT6tWRnheJwarRfFCfZK4BRe4n6vwH3pHDknugnr05DdSUG2oeoxGeUx6T/it2dBwyqSSYca1chlc7h/eMw4g==",
      "dev": true,
      "peer": true,
      "requires": {}
    },
    "typescript": {
      "version": "4.9.5",
      "resolved": "https://registry.npmjs.org/typescript/-/typescript-4.9.5.tgz",
      "integrity": "sha512-1FXk9E2Hm+QzZQ7z+McJiHL4NW1F2EzMu9Nq9i3zAaGqibafqYwCVU6WyWAuyQRRzOlxou8xZSyXLEN8oKj24g==",
      "dev": true
    }
  }
}
