{
  "name": "client",
  "version": "1.0.0",
  "lockfileVersion": 3,
  "requires": true,
  "packages": {
    "": {
      "name": "client",
      "version": "1.0.0",
      "license": "ISC",
      "devDependencies": {
        "@altv/types-client": "^16.2.0",
        "@altv/types-natives": "^16.2.0",
        "@altv/types-shared": "^16.2.0",
        "@altv/types-webview": "^16.2.0",
        "typescript": "^4.7.4"
      }
    },
    "node_modules/@altv/types-client": {
      "version": "16.2.0",
      "resolved": "https://registry.npmjs.org/@altv/types-client/-/types-client-16.2.0.tgz",
      "integrity": "sha512-Aw4q5xmNk+6noYQZn9nzlgxfEpYkuuPgWnYvJVFQIquOGC3aPvkC5IIuDZ1Lwn+vd25ydovVb4fU6QxWKgfNAA==",
      "dev": true,
      "peerDependencies": {
        "@altv/types-shared": "^16.2.0",
        "@altv/types-worker": "^16.2.0"
      }
    },
    "node_modules/@altv/types-natives": {
      "version": "16.2.0",
      "resolved": "https://registry.npmjs.org/@altv/types-natives/-/types-natives-16.2.0.tgz",
      "integrity": "sha512-kZ6Or14I9DLPPbSAEEDxS+Pt+Efv1lsJSCFeYemnmoQEJtVT/XbCjkwYUd9HHzbcxkyAB87DVn1toQrAjYCSxg==",
      "dev": true,
      "peerDependencies": {
        "@altv/types-client": "^16.2.0"
      }
    },
    "node_modules/@altv/types-shared": {
      "version": "16.2.0",
      "resolved": "https://registry.npmjs.org/@altv/types-shared/-/types-shared-16.2.0.tgz",
      "integrity": "sha512-LNd9t/iBRF5QWwgY4TywszEcB7hwcH8u9oazYSCxVjuBMrvvgg1YXS3md4NcaAm2KtQIHnD5NEDHTY1ESjiJ9A==",
      "dev": true
    },
    "node_modules/@altv/types-webview": {
      "version": "16.2.0",
      "resolved": "https://registry.npmjs.org/@altv/types-webview/-/types-webview-16.2.0.tgz",
      "integrity": "sha512-GCgH71n0AySPTO5EjN5tyv0TxnBevrD6Bnn9eBX4KMACLtnq2UhkPxTsdS9x7HCiV2XuPMrqC4x7hap+J62MsQ==",
      "dev": true
    },
    "node_modules/@altv/types-worker": {
      "version": "16.2.0",
      "resolved": "https://registry.npmjs.org/@altv/types-worker/-/types-worker-16.2.0.tgz",
      "integrity": "sha512-l2cy7xFn4QE+XCHJyu1dJB8cziwAfi4x4S8JbpymRAAnXkMHvrZixjpyeUzNRnQGn4dNhQz6QLyUYx+LEXDtyA==",
      "dev": true,
      "peer": true,
      "peerDependencies": {
        "@altv/types-client": "^16.2.0"
      }
    },
    "node_modules/typescript": {
      "version": "4.9.5",
      "resolved": "https://registry.npmjs.org/typescript/-/typescript-4.9.5.tgz",
      "integrity": "sha512-1FXk9E2Hm+QzZQ7z+McJiHL4NW1F2EzMu9Nq9i3zAaGqibafqYwCVU6WyWAuyQRRzOlxou8xZSyXLEN8oKj24g==",
      "dev": true,
      "bin": {
        "tsc": "bin/tsc",
        "tsserver": "bin/tsserver"
      },
      "engines": {
        "node": ">=4.2.0"
      }
    }
  }
}
